
Microsoft Visual Studio Solution File, Format Version 12.00
Project("{FAE04EC0-301F-11D3-BF4B-00C04F79EFBC}") = "HaveAJokeAPI", "HaveAJokeAPI\HaveAJokeAPI.csproj", "{69FF3550-1CA9-4C1F-8925-113D0C7D1E48}"
EndProject
Project("{FAE04EC0-301F-11D3-BF4B-00C04F79EFBC}") = "HaveAJokeAPI.Tests", "HaveAJokeAPI.Tests\HaveAJokeAPI.Tests.csproj", "{B7B9C437-EA47-4F1F-A0E0-15ED59B4466D}"
EndProject
Global
	GlobalSection(SolutionConfigurationPlatforms) = preSolution
		Debug|Any CPU = Debug|Any CPU
		Release|Any CPU = Release|Any CPU
	EndGlobalSection
	GlobalSection(ProjectConfigurationPlatforms) = postSolution
		{69FF3550-1CA9-4C1F-8925-113D0C7D1E48}.Debug|Any CPU.ActiveCfg = Debug|Any CPU
		{69FF3550-1CA9-4C1F-8925-113D0C7D1E48}.Debug|Any CPU.Build.0 = Debug|Any CPU
		{69FF3550-1CA9-4C1F-8925-113D0C7D1E48}.Release|Any CPU.ActiveCfg = Release|Any CPU
		{69FF3550-1CA9-4C1F-8925-113D0C7D1E48}.Release|Any CPU.Build.0 = Release|Any CPU
		{B7B9C437-EA47-4F1F-A0E0-15ED59B4466D}.Debug|Any CPU.ActiveCfg = Debug|Any CPU
		{B7B9C437-EA47-4F1F-A0E0-15ED59B4466D}.Debug|Any CPU.Build.0 = Debug|Any CPU
		{B7B9C437-EA47-4F1F-A0E0-15ED59B4466D}.Release|Any CPU.ActiveCfg = Release|Any CPU
		{B7B9C437-EA47-4F1F-A0E0-15ED59B4466D}.Release|Any CPU.Build.0 = Release|Any CPU
	EndGlobalSection
EndGlobal
